
Microsoft Visual Studio Solution File, Format Version 12.00
# Visual Studio 15
VisualStudioVersion = 15.0.26730.10
MinimumVisualStudioVersion = 10.0.40219.1
Project("{FAE04EC0-301F-11D3-BF4B-00C04F79EFBC}") = "CodeFirst", "CodeFirst\CodeFirst.csproj", "{71EB4160-E3BE-490B-A966-BD5EB10C4BC8}"
EndProject
Project("{00D1A9C2-B5F0-4AF3-8072-F6C62B433612}") = "DbFirst", "DbFirst\DbFirst.sqlproj", "{4BEF3106-2D94-405F-A66F-F4638648267D}"
EndProject
Project("{FAE04EC0-301F-11D3-BF4B-00C04F79EFBC}") = "DbFirstContext", "DbFirstContext\DbFirstContext.csproj", "{24B97460-3B49-45DA-A0F8-5CAD1C75AD5A}"
EndProject
Project("{FAE04EC0-301F-11D3-BF4B-00C04F79EFBC}") = "ConsoleApp", "ConsoleApp\ConsoleApp.csproj", "{0507B598-DB17-4A1D-841A-50A8FFEEEC3A}"
EndProject
Global
	GlobalSection(SolutionConfigurationPlatforms) = preSolution
		Debug|Any CPU = Debug|Any CPU
		Release|Any CPU = Release|Any CPU
	EndGlobalSection
	GlobalSection(ProjectConfigurationPlatforms) = postSolution
		{71EB4160-E3BE-490B-A966-BD5EB10C4BC8}.Debug|Any CPU.ActiveCfg = Debug|Any CPU
		{71EB4160-E3BE-490B-A966-BD5EB10C4BC8}.Debug|Any CPU.Build.0 = Debug|Any CPU
		{71EB4160-E3BE-490B-A966-BD5EB10C4BC8}.Release|Any CPU.ActiveCfg = Release|Any CPU
		{71EB4160-E3BE-490B-A966-BD5EB10C4BC8}.Release|Any CPU.Build.0 = Release|Any CPU
		{4BEF3106-2D94-405F-A66F-F4638648267D}.Debug|Any CPU.ActiveCfg = Debug|Any CPU
		{4BEF3106-2D94-405F-A66F-F4638648267D}.Debug|Any CPU.Build.0 = Debug|Any CPU
		{4BEF3106-2D94-405F-A66F-F4638648267D}.Debug|Any CPU.Deploy.0 = Debug|Any CPU
		{4BEF3106-2D94-405F-A66F-F4638648267D}.Release|Any CPU.ActiveCfg = Release|Any CPU
		{4BEF3106-2D94-405F-A66F-F4638648267D}.Release|Any CPU.Build.0 = Release|Any CPU
		{4BEF3106-2D94-405F-A66F-F4638648267D}.Release|Any CPU.Deploy.0 = Release|Any CPU
		{24B97460-3B49-45DA-A0F8-5CAD1C75AD5A}.Debug|Any CPU.ActiveCfg = Debug|Any CPU
		{24B97460-3B49-45DA-A0F8-5CAD1C75AD5A}.Debug|Any CPU.Build.0 = Debug|Any CPU
		{24B97460-3B49-45DA-A0F8-5CAD1C75AD5A}.Release|Any CPU.ActiveCfg = Release|Any CPU
		{24B97460-3B49-45DA-A0F8-5CAD1C75AD5A}.Release|Any CPU.Build.0 = Release|Any CPU
		{0507B598-DB17-4A1D-841A-50A8FFEEEC3A}.Debug|Any CPU.ActiveCfg = Debug|Any CPU
		{0507B598-DB17-4A1D-841A-50A8FFEEEC3A}.Debug|Any CPU.Build.0 = Debug|Any CPU
		{0507B598-DB17-4A1D-841A-50A8FFEEEC3A}.Release|Any CPU.ActiveCfg = Release|Any CPU
		{0507B598-DB17-4A1D-841A-50A8FFEEEC3A}.Release|Any CPU.Build.0 = Release|Any CPU
	EndGlobalSection
	GlobalSection(SolutionProperties) = preSolution
		HideSolutionNode = FALSE
	EndGlobalSection
	GlobalSection(ExtensibilityGlobals) = postSolution
		SolutionGuid = {CB97A8F5-3C8B-4026-8FA0-DA8D939C76E6}
	EndGlobalSection
EndGlobal
